
Microsoft Visual Studio Solution File, Format Version 12.00
# Visual Studio 2013
VisualStudioVersion = 12.0.31101.0
MinimumVisualStudioVersion = 10.0.40219.1
Project("{FAE04EC0-301F-11D3-BF4B-00C04F79EFBC}") = "WebApplicationReactJs", "WebApplicationReactJs\WebApplicationReactJs.csproj", "{E2E363FC-849F-47B8-8E31-D21580CEAAE8}"
EndProject
Global
	GlobalSection(SolutionConfigurationPlatforms) = preSolution
		Debug|Any CPU = Debug|Any CPU
		Release|Any CPU = Release|Any CPU
	EndGlobalSection
	GlobalSection(ProjectConfigurationPlatforms) = postSolution
		{E2E363FC-849F-47B8-8E31-D21580CEAAE8}.Debug|Any CPU.ActiveCfg = Debug|Any CPU
		{E2E363FC-849F-47B8-8E31-D21580CEAAE8}.Debug|Any CPU.Build.0 = Debug|Any CPU
		{E2E363FC-849F-47B8-8E31-D21580CEAAE8}.Release|Any CPU.ActiveCfg = Release|Any CPU
		{E2E363FC-849F-47B8-8E31-D21580CEAAE8}.Release|Any CPU.Build.0 = Release|Any CPU
	EndGlobalSection
	GlobalSection(SolutionProperties) = preSolution
		HideSolutionNode = FALSE
	EndGlobalSection
EndGlobal
